
Microsoft Visual Studio Solution File, Format Version 12.00
# Visual Studio Version 16
VisualStudioVersion = 16.0.31702.278
MinimumVisualStudioVersion = 10.0.40219.1
Project("{FAE04EC0-301F-11D3-BF4B-00C04F79EFBC}") = "Graph_Data_Structure", "Graph_Data_Structure\Graph_Data_Structure.csproj", "{44FA653D-A2B2-4828-A743-1B5AD57BCC80}"
EndProject
Global
	GlobalSection(SolutionConfigurationPlatforms) = preSolution
		Debug|Any CPU = Debug|Any CPU
		Release|Any CPU = Release|Any CPU
	EndGlobalSection
	GlobalSection(ProjectConfigurationPlatforms) = postSolution
		{44FA653D-A2B2-4828-A743-1B5AD57BCC80}.Debug|Any CPU.ActiveCfg = Debug|Any CPU
		{44FA653D-A2B2-4828-A743-1B5AD57BCC80}.Debug|Any CPU.Build.0 = Debug|Any CPU
		{44FA653D-A2B2-4828-A743-1B5AD57BCC80}.Release|Any CPU.ActiveCfg = Release|Any CPU
		{44FA653D-A2B2-4828-A743-1B5AD57BCC80}.Release|Any CPU.Build.0 = Release|Any CPU
	EndGlobalSection
	GlobalSection(SolutionProperties) = preSolution
		HideSolutionNode = FALSE
	EndGlobalSection
	GlobalSection(ExtensibilityGlobals) = postSolution
		SolutionGuid = {0A77386A-44DB-4875-879B-B87944806552}
	EndGlobalSection
EndGlobal
